// !$*UTF8*$!
{
	archiveVersion = 1;
	classes = {
	};
	objectVersion = 50;
	objects = {

/* Begin PBXBuildFile section */
		8E91E1F32717037000B63634 /* StateVSObservedApp.swift in Sources */ = {isa = PBXBuildFile; fileRef = 8E91E1F22717037000B63634 /* StateVSObservedApp.swift */; };
		8E91E1F52717037000B63634 /* ContentView.swift in Sources */ = {isa = PBXBuildFile; fileRef = 8E91E1F42717037000B63634 /* ContentView.swift */; };
		8E91E1F72717037100B63634 /* Assets.xcassets in Resources */ = {isa = PBXBuildFile; fileRef = 8E91E1F62717037100B63634 /* Assets.xcassets */; };
		8E91E1FA2717037100B63634 /* Preview Assets.xcassets in Resources */ = {isa = PBXBuildFile; fileRef = 8E91E1F92717037100B63634 /* Preview Assets.xcassets */; };
		8E91E2042717041500B63634 /* ViewB.swift in Sources */ = {isa = PBXBuildFile; fileRef = 8E91E2032717041500B63634 /* ViewB.swift */; };
		8E91E2062717042300B63634 /* ViewModel.swift in Sources */ = {isa = PBXBuildFile; fileRef = 8E91E2052717042300B63634 /* ViewModel.swift */; };
		8E91E20C271707D100B63634 /* ViewC.swift in Sources */ = {isa = PBXBuildFile; fileRef = 8E91E20B271707D100B63634 /* ViewC.swift */; };
		8E91E20E27170AE200B63634 /* ViewD.swift in Sources */ = {isa = PBXBuildFile; fileRef = 8E91E20D27170AE200B63634 /* ViewD.swift */; };
		8E91E212271711EF00B63634 /* ActualView.swift in Sources */ = {isa = PBXBuildFile; fileRef = 8E91E211271711EF00B63634 /* ActualView.swift */; };
/* End PBXBuildFile section */

/* Begin PBXFileReference section */
		8E91E1EF2717037000B63634 /* StateVSObserved.app */ = {isa = PBXFileReference; explicitFileType = wrapper.application; includeInIndex = 0; path = StateVSObserved.app; sourceTree = BUILT_PRODUCTS_DIR; };
		8E91E1F22717037000B63634 /* StateVSObservedApp.swift */ = {isa = PBXFileReference; lastKnownFileType = sourcecode.swift; path = StateVSObservedApp.swift; sourceTree = "<group>"; };
		8E91E1F42717037000B63634 /* ContentView.swift */ = {isa = PBXFileReference; lastKnownFileType = sourcecode.swift; path = ContentView.swift; sourceTree = "<group>"; };
		8E91E1F62717037100B63634 /* Assets.xcassets */ = {isa = PBXFileReference; lastKnownFileType = folder.assetcatalog; path = Assets.xcassets; sourceTree = "<group>"; };
		8E91E1F92717037100B63634 /* Preview Assets.xcassets */ = {isa = PBXFileReference; lastKnownFileType = folder.assetcatalog; path = "Preview Assets.xcassets"; sourceTree = "<group>"; };
		8E91E1FB2717037100B63634 /* Info.plist */ = {isa = PBXFileReference; lastKnownFileType = text.plist.xml; path = Info.plist; sourceTree = "<group>"; };
		8E91E2032717041500B63634 /* ViewB.swift */ = {isa = PBXFileReference; lastKnownFileType = sourcecode.swift; path = ViewB.swift; sourceTree = "<group>"; };
		8E91E2052717042300B63634 /* ViewModel.swift */ = {isa = PBXFileReference; lastKnownFileType = sourcecode.swift; path = ViewModel.swift; sourceTree = "<group>"; };
		8E91E20B271707D100B63634 /* ViewC.swift */ = {isa = PBXFileReference; lastKnownFileType = sourcecode.swift; path = ViewC.swift; sourceTree = "<group>"; };
		8E91E20D27170AE200B63634 /* ViewD.swift */ = {isa = PBXFileReference; lastKnownFileType = sourcecode.swift; path = ViewD.swift; sourceTree = "<group>"; };
		8E91E211271711EF00B63634 /* ActualView.swift */ = {isa = PBXFileReference; lastKnownFileType = sourcecode.swift; path = ActualView.swift; sourceTree = "<group>"; };
/* End PBXFileReference section */

/* Begin PBXFrameworksBuildPhase section */
		8E91E1EC2717037000B63634 /* Frameworks */ = {
			isa = PBXFrameworksBuildPhase;
			buildActionMask = 2147483647;
			files = (
			);
			runOnlyForDeploymentPostprocessing = 0;
		};
/* End PBXFrameworksBuildPhase section */

/* Begin PBXGroup section */
		8E91E1E62717037000B63634 = {
			isa = PBXGroup;
			children = (
				8E91E1F12717037000B63634 /* StateVSObserved */,
				8E91E1F02717037000B63634 /* Products */,
			);
			sourceTree = "<group>";
		};
		8E91E1F02717037000B63634 /* Products */ = {
			isa = PBXGroup;
			children = (
				8E91E1EF2717037000B63634 /* StateVSObserved.app */,
			);
			name = Products;
			sourceTree = "<group>";
		};
		8E91E1F12717037000B63634 /* StateVSObserved */ = {
			isa = PBXGroup;
			children = (
				8E91E1F22717037000B63634 /* StateVSObservedApp.swift */,
				8E91E1F42717037000B63634 /* ContentView.swift */,
				8E91E2032717041500B63634 /* ViewB.swift */,
				8E91E20B271707D100B63634 /* ViewC.swift */,
				8E91E20D27170AE200B63634 /* ViewD.swift */,
				8E91E211271711EF00B63634 /* ActualView.swift */,
				8E91E2052717042300B63634 /* ViewModel.swift */,
				8E91E1F62717037100B63634 /* Assets.xcassets */,
				8E91E1FB2717037100B63634 /* Info.plist */,
				8E91E1F82717037100B63634 /* Preview Content */,
			);
			path = StateVSObserved;
			sourceTree = "<group>";
		};
		8E91E1F82717037100B63634 /* Preview Content */ = {
			isa = PBXGroup;
			children = (
				8E91E1F92717037100B63634 /* Preview Assets.xcassets */,
			);
			path = "Preview Content";
			sourceTree = "<group>";
		};
/* End PBXGroup section */

/* Begin PBXNativeTarget section */
		8E91E1EE2717037000B63634 /* StateVSObserved */ = {
			isa = PBXNativeTarget;
			buildConfigurationList = 8E91E1FE2717037100B63634 /* Build configuration list for PBXNativeTarget "StateVSObserved" */;
			buildPhases = (
				8E91E1EB2717037000B63634 /* Sources */,
				8E91E1EC2717037000B63634 /* Frameworks */,
				8E91E1ED2717037000B63634 /* Resources */,
			);
			buildRules = (
			);
			dependencies = (
			);
			name = StateVSObserved;
			productName = StateVSObserved;
			productReference = 8E91E1EF2717037000B63634 /* StateVSObserved.app */;
			productType = "com.apple.product-type.application";
		};
/* End PBXNativeTarget section */

/* Begin PBXProject section */
		8E91E1E72717037000B63634 /* Project object */ = {
			isa = PBXProject;
			attributes = {
				LastSwiftUpdateCheck = 1250;
				LastUpgradeCheck = 1250;
				TargetAttributes = {
					8E91E1EE2717037000B63634 = {
						CreatedOnToolsVersion = 12.5.1;
					};
				};
			};
			buildConfigurationList = 8E91E1EA2717037000B63634 /* Build configuration list for PBXProject "StateVSObserved" */;
			compatibilityVersion = "Xcode 9.3";
			developmentRegion = en;
			hasScannedForEncodings = 0;
			knownRegions = (
				en,
				Base,
			);
			mainGroup = 8E91E1E62717037000B63634;
			productRefGroup = 8E91E1F02717037000B63634 /* Products */;
			projectDirPath = "";
			projectRoot = "";
			targets = (
				8E91E1EE2717037000B63634 /* StateVSObserved */,
			);
		};
/* End PBXProject section */

/* Begin PBXResourcesBuildPhase section */
		8E91E1ED2717037000B63634 /* Resources */ = {
			isa = PBXResourcesBuildPhase;
			buildActionMask = 2147483647;
			files = (
				8E91E1FA2717037100B63634 /* Preview Assets.xcassets in Resources */,
				8E91E1F72717037100B63634 /* Assets.xcassets in Resources */,
			);
			runOnlyForDeploymentPostprocessing = 0;
		};
/* End PBXResourcesBuildPhase section */

/* Begin PBXSourcesBuildPhase section */
		8E91E1EB2717037000B63634 /* Sources */ = {
			isa = PBXSourcesBuildPhase;
			buildActionMask = 2147483647;
			files = (
				8E91E2062717042300B63634 /* ViewModel.swift in Sources */,
				8E91E212271711EF00B63634 /* ActualView.swift in Sources */,
				8E91E20E27170AE200B63634 /* ViewD.swift in Sources */,
				8E91E1F52717037000B63634 /* ContentView.swift in Sources */,
				8E91E2042717041500B63634 /* ViewB.swift in Sources */,
				8E91E20C271707D100B63634 /* ViewC.swift in Sources */,
				8E91E1F32717037000B63634 /* StateVSObservedApp.swift in Sources */,
			);
			runOnlyForDeploymentPostprocessing = 0;
		};
/* End PBXSourcesBuildPhase section */

/* Begin XCBuildConfiguration section */
		8E91E1FC2717037100B63634 /* Debug */ = {
			isa = XCBuildConfiguration;
			buildSettings = {
				ALWAYS_SEARCH_USER_PATHS = NO;
				CLANG_ANALYZER_NONNULL = YES;
				CLANG_ANALYZER_NUMBER_OBJECT_CONVERSION = YES_AGGRESSIVE;
				CLANG_CXX_LANGUAGE_STANDARD = "gnu++14";
				CLANG_CXX_LIBRARY = "libc++";
				CLANG_ENABLE_MODULES = YES;
				CLANG_ENABLE_OBJC_ARC = YES;
				CLANG_ENABLE_OBJC_WEAK = YES;
				CLANG_WARN_BLOCK_CAPTURE_AUTORELEASING = YES;
				CLANG_WARN_BOOL_CONVERSION = YES;
				CLANG_WARN_COMMA = YES;
				CLANG_WARN_CONSTANT_CONVERSION = YES;
				CLANG_WARN_DEPRECATED_OBJC_IMPLEMENTATIONS = YES;
				CLANG_WARN_DIRECT_OBJC_ISA_USAGE = YES_ERROR;
				CLANG_WARN_DOCUMENTATION_COMMENTS = YES;
				CLANG_WARN_EMPTY_BODY = YES;
				CLANG_WARN_ENUM_CONVERSION = YES;
				CLANG_WARN_INFINITE_RECURSION = YES;
				CLANG_WARN_INT_CONVERSION = YES;
				CLANG_WARN_NON_LITERAL_NULL_CONVERSION = YES;
				CLANG_WARN_OBJC_IMPLICIT_RETAIN_SELF = YES;
				CLANG_WARN_OBJC_LITERAL_CONVERSION = YES;
				CLANG_WARN_OBJC_ROOT_CLASS = YES_ERROR;
				CLANG_WARN_QUOTED_INCLUDE_IN_FRAMEWORK_HEADER = YES;
				CLANG_WARN_RANGE_LOOP_ANALYSIS = YES;
				CLANG_WARN_STRICT_PROTOTYPES = YES;
				CLANG_WARN_SUSPICIOUS_MOVE = YES;
				CLANG_WARN_UNGUARDED_AVAILABILITY = YES_AGGRESSIVE;
				CLANG_WARN_UNREACHABLE_CODE = YES;
				CLANG_WARN__DUPLICATE_METHOD_MATCH = YES;
				COPY_PHASE_STRIP = NO;
				DEBUG_INFORMATION_FORMAT = dwarf;
				ENABLE_STRICT_OBJC_MSGSEND = YES;
				ENABLE_TESTABILITY = YES;
				GCC_C_LANGUAGE_STANDARD = gnu11;
				GCC_DYNAMIC_NO_PIC = NO;
				GCC_NO_COMMON_BLOCKS = YES;
				GCC_OPTIMIZATION_LEVEL = 0;
				GCC_PREPROCESSOR_DEFINITIONS = (
					"DEBUG=1",
					"$(inherited)",
				);
				GCC_WARN_64_TO_32_BIT_CONVERSION = YES;
				GCC_WARN_ABOUT_RETURN_TYPE = YES_ERROR;
				GCC_WARN_UNDECLARED_SELECTOR = YES;
				GCC_WARN_UNINITIALIZED_AUTOS = YES_AGGRESSIVE;
				GCC_WARN_UNUSED_FUNCTION = YES;
				GCC_WARN_UNUSED_VARIABLE = YES;
				IPHONEOS_DEPLOYMENT_TARGET = 14.5;
				MTL_ENABLE_DEBUG_INFO = INCLUDE_SOURCE;
				MTL_FAST_MATH = YES;
				ONLY_ACTIVE_ARCH = YES;
				SDKROOT = iphoneos;
				SWIFT_ACTIVE_COMPILATION_CONDITIONS = DEBUG;
				SWIFT_OPTIMIZATION_LEVEL = "-Onone";
			};
			name = Debug;
		};
		8E91E1FD2717037100B63634 /* Release */ = {
			isa = XCBuildConfiguration;
			buildSettings = {
				ALWAYS_SEARCH_USER_PATHS = NO;
				CLANG_ANALYZER_NONNULL = YES;
				CLANG_ANALYZER_NUMBER_OBJECT_CONVERSION = YES_AGGRESSIVE;
				CLANG_CXX_LANGUAGE_STANDARD = "gnu++14";
				CLANG_CXX_LIBRARY = "libc++";
				CLANG_ENABLE_MODULES = YES;
				CLANG_ENABLE_OBJC_ARC = YES;
				CLANG_ENABLE_OBJC_WEAK = YES;
				CLANG_WARN_BLOCK_CAPTURE_AUTORELEASING = YES;
				CLANG_WARN_BOOL_CONVERSION = YES;
				CLANG_WARN_COMMA = YES;
				CLANG_WARN_CONSTANT_CONVERSION = YES;
				CLANG_WARN_DEPRECATED_OBJC_IMPLEMENTATIONS = YES;
				CLANG_WARN_DIRECT_OBJC_ISA_USAGE = YES_ERROR;
				CLANG_WARN_DOCUMENTATION_COMMENTS = YES;
				CLANG_WARN_EMPTY_BODY = YES;
				CLANG_WARN_ENUM_CONVERSION = YES;
				CLANG_WARN_INFINITE_RECURSION = YES;
				CLANG_WARN_INT_CONVERSION = YES;
				CLANG_WARN_NON_LITERAL_NULL_CONVERSION = YES;
				CLANG_WARN_OBJC_IMPLICIT_RETAIN_SELF = YES;
				CLANG_WARN_OBJC_LITERAL_CONVERSION = YES;
				CLANG_WARN_OBJC_ROOT_CLASS = YES_ERROR;
				CLANG_WARN_QUOTED_INCLUDE_IN_FRAMEWORK_HEADER = YES;
				CLANG_WARN_RANGE_LOOP_ANALYSIS = YES;
				CLANG_WARN_STRICT_PROTOTYPES = YES;
				CLANG_WARN_SUSPICIOUS_MOVE = YES;
				CLANG_WARN_UNGUARDED_AVAILABILITY = YES_AGGRESSIVE;
				CLANG_WARN_UNREACHABLE_CODE = YES;
				CLANG_WARN__DUPLICATE_METHOD_MATCH = YES;
				COPY_PHASE_STRIP = NO;
				DEBUG_INFORMATION_FORMAT = "dwarf-with-dsym";
				ENABLE_NS_ASSERTIONS = NO;
				ENABLE_STRICT_OBJC_MSGSEND = YES;
				GCC_C_LANGUAGE_STANDARD = gnu11;
				GCC_NO_COMMON_BLOCKS = YES;
				GCC_WARN_64_TO_32_BIT_CONVERSION = YES;
				GCC_WARN_ABOUT_RETURN_TYPE = YES_ERROR;
				GCC_WARN_UNDECLARED_SELECTOR = YES;
				GCC_WARN_UNINITIALIZED_AUTOS = YES_AGGRESSIVE;
				GCC_WARN_UNUSED_FUNCTION = YES;
				GCC_WARN_UNUSED_VARIABLE = YES;
				IPHONEOS_DEPLOYMENT_TARGET = 14.5;
				MTL_ENABLE_DEBUG_INFO = NO;
				MTL_FAST_MATH = YES;
				SDKROOT = iphoneos;
				SWIFT_COMPILATION_MODE = wholemodule;
				SWIFT_OPTIMIZATION_LEVEL = "-O";
				VALIDATE_PRODUCT = YES;
			};
			name = Release;
		};
		8E91E1FF2717037100B63634 /* Debug */ = {
			isa = XCBuildConfiguration;
			buildSettings = {
				ASSETCATALOG_COMPILER_APPICON_NAME = AppIcon;
				ASSETCATALOG_COMPILER_GLOBAL_ACCENT_COLOR_NAME = AccentColor;
				CODE_SIGN_STYLE = Automatic;
				DEVELOPMENT_ASSET_PATHS = "\"StateVSObserved/Preview Content\"";
				ENABLE_PREVIEWS = YES;
				INFOPLIST_FILE = StateVSObserved/Info.plist;
				IPHONEOS_DEPLOYMENT_TARGET = 14.0;
				LD_RUNPATH_SEARCH_PATHS = (
					"$(inherited)",
					"@executable_path/Frameworks",
				);
				PRODUCT_BUNDLE_IDENTIFIER = com.swiftui.demos.StateVSObserved;
				PRODUCT_NAME = "$(TARGET_NAME)";
				SWIFT_VERSION = 5.0;
				TARGETED_DEVICE_FAMILY = "1,2";
			};
			name = Debug;
		};
		8E91E2002717037100B63634 /* Release */ = {
			isa = XCBuildConfiguration;
			buildSettings = {
				ASSETCATALOG_COMPILER_APPICON_NAME = AppIcon;
				ASSETCATALOG_COMPILER_GLOBAL_ACCENT_COLOR_NAME = AccentColor;
				CODE_SIGN_STYLE = Automatic;
				DEVELOPMENT_ASSET_PATHS = "\"StateVSObserved/Preview Content\"";
				ENABLE_PREVIEWS = YES;
				INFOPLIST_FILE = StateVSObserved/Info.plist;
				IPHONEOS_DEPLOYMENT_TARGET = 14.0;
				LD_RUNPATH_SEARCH_PATHS = (
					"$(inherited)",
					"@executable_path/Frameworks",
				);
				PRODUCT_BUNDLE_IDENTIFIER = com.swiftui.demos.StateVSObserved;
				PRODUCT_NAME = "$(TARGET_NAME)";
				SWIFT_VERSION = 5.0;
				TARGETED_DEVICE_FAMILY = "1,2";
			};
			name = Release;
		};
/* End XCBuildConfiguration section */

/* Begin XCConfigurationList section */
		8E91E1EA2717037000B63634 /* Build configuration list for PBXProject "StateVSObserved" */ = {
			isa = XCConfigurationList;
			buildConfigurations = (
				8E91E1FC2717037100B63634 /* Debug */,
				8E91E1FD2717037100B63634 /* Release */,
			);
			defaultConfigurationIsVisible = 0;
			defaultConfigurationName = Release;
		};
		8E91E1FE2717037100B63634 /* Build configuration list for PBXNativeTarget "StateVSObserved" */ = {
			isa = XCConfigurationList;
			buildConfigurations = (
				8E91E1FF2717037100B63634 /* Debug */,
				8E91E2002717037100B63634 /* Release */,
			);
			defaultConfigurationIsVisible = 0;
			defaultConfigurationName = Release;
		};
/* End XCConfigurationList section */
	};
	rootObject = 8E91E1E72717037000B63634 /* Project object */;
}
